
Microsoft Visual Studio Solution File, Format Version 12.00
# Visual Studio 14
VisualStudioVersion = 14.0.23107.0
MinimumVisualStudioVersion = 10.0.40219.1
Project("{2150E333-8FDC-42A3-9474-1A3956D46DE8}") = "Web", "Web", "{85B83380-DE3D-4CFF-9958-4D10B2D12C77}"
	ProjectSection(SolutionItems) = preProject
		Generate TypeScript references.fsx = Generate TypeScript references.fsx
	EndProjectSection
EndProject
Project("{2150E333-8FDC-42A3-9474-1A3956D46DE8}") = "Business", "Business", "{F0A457B4-FFAE-40D9-A674-661AEF627C69}"
EndProject
Project("{2150E333-8FDC-42A3-9474-1A3956D46DE8}") = "Common", "Common", "{319700B1-4B14-40D8-AD7B-B007409BFFFA}"
EndProject
Project("{2150E333-8FDC-42A3-9474-1A3956D46DE8}") = "Data", "Data", "{CFD58EBA-695D-4874-95E9-693590017084}"
EndProject
Project("{FAE04EC0-301F-11D3-BF4B-00C04F79EFBC}") = "TFIP.Data", "TFIP.Data\TFIP.Data.csproj", "{62A5BF44-2AA3-4731-82A7-4136470FEFA9}"
EndProject
Project("{FAE04EC0-301F-11D3-BF4B-00C04F79EFBC}") = "TFIP.Data.Contracts", "TFIP.Data.Contracts\TFIP.Data.Contracts.csproj", "{763FB63B-3BD0-4C29-BE50-E91913AF1E54}"
EndProject
Project("{FAE04EC0-301F-11D3-BF4B-00C04F79EFBC}") = "TFIP.Business.Entities", "TFIP.Business.Entities\TFIP.Business.Entities.csproj", "{77E14FE6-3D06-4B65-A1EF-7B12BA39E53C}"
EndProject
Project("{FAE04EC0-301F-11D3-BF4B-00C04F79EFBC}") = "TFIP.Common.Constants", "TFIP.Common.Constants\TFIP.Common.Constants.csproj", "{8483AAE7-5E1C-4D74-91F9-B44878F83359}"
EndProject
Project("{FAE04EC0-301F-11D3-BF4B-00C04F79EFBC}") = "TFIP.Data.Repositories", "TFIP.Data.Repositories\TFIP.Data.Repositories.csproj", "{A197E930-7FD3-4AE8-94B3-9F8BA135B467}"
EndProject
Project("{FAE04EC0-301F-11D3-BF4B-00C04F79EFBC}") = "TFIP.Business.Services", "TFIP.Business.Services\TFIP.Business.Services.csproj", "{071DF80E-72B9-42DC-8F84-C24EAD6AD0B4}"
EndProject
Project("{FAE04EC0-301F-11D3-BF4B-00C04F79EFBC}") = "TFIP.Business.Contracts", "TFIP.Business.Contracts\TFIP.Business.Contracts.csproj", "{EB93E46A-EA8C-4C47-A746-DBC19DD6E607}"
EndProject
Project("{FAE04EC0-301F-11D3-BF4B-00C04F79EFBC}") = "TFIP.Web.Api", "TFIP.WebApi\TFIP.Web.Api.csproj", "{50633F36-A59A-41D0-8341-D7979F96A1E2}"
EndProject
Project("{FAE04EC0-301F-11D3-BF4B-00C04F79EFBC}") = "TFIP.Web.Infrastructure", "TFIP.Web.Infrastructure\TFIP.Web.Infrastructure.csproj", "{A444BA0D-0EB7-4483-9316-17341236F8CA}"
EndProject
Project("{FAE04EC0-301F-11D3-BF4B-00C04F79EFBC}") = "TFIP.Common.Helpers", "TFIP.Common.Helpers\TFIP.Common.Helpers.csproj", "{4124F2F0-D0DF-403F-A2CE-B645C61C5D30}"
EndProject
Project("{FAE04EC0-301F-11D3-BF4B-00C04F79EFBC}") = "TFIP.Web.UI", "TFIP.Web.UI\TFIP.Web.UI.csproj", "{73F0F204-7C1D-483D-96A1-5303C5C8A767}"
EndProject
Project("{FAE04EC0-301F-11D3-BF4B-00C04F79EFBC}") = "TFIP.Common.Resources", "TFIP.Common.Resources\TFIP.Common.Resources.csproj", "{6B049560-B01B-47C4-AFD1-272F90C7FA34}"
EndProject
Project("{FAE04EC0-301F-11D3-BF4B-00C04F79EFBC}") = "TFIP.Business.NotificationModule", "TFIP.Business.NotificationModule\TFIP.Business.NotificationModule.csproj", "{C0279E21-0B66-492A-A498-044194155D12}"
EndProject
Project("{FAE04EC0-301F-11D3-BF4B-00C04F79EFBC}") = "TFIP.Business.Models", "TFIP.Business.Models\TFIP.Business.Models.csproj", "{D9719710-959E-4CF5-B749-3EA24AD8CF01}"
EndProject
Project("{FAE04EC0-301F-11D3-BF4B-00C04F79EFBC}") = "TFIP.Web.ViewModels", "TFIP.Web.ViewModels\TFIP.Web.ViewModels.csproj", "{A436B070-81EF-4A49-BB71-85AF4503FF8C}"
EndProject
Project("{FAE04EC0-301F-11D3-BF4B-00C04F79EFBC}") = "TFIP.Common.Logging", "TFIP.Common.Logging\TFIP.Common.Logging.csproj", "{C59E2682-EDFA-465A-B703-7E618C737BD3}"
EndProject
Global
	GlobalSection(SolutionConfigurationPlatforms) = preSolution
		Debug|Any CPU = Debug|Any CPU
		Release|Any CPU = Release|Any CPU
	EndGlobalSection
	GlobalSection(ProjectConfigurationPlatforms) = postSolution
		{62A5BF44-2AA3-4731-82A7-4136470FEFA9}.Debug|Any CPU.ActiveCfg = Debug|Any CPU
		{62A5BF44-2AA3-4731-82A7-4136470FEFA9}.Debug|Any CPU.Build.0 = Debug|Any CPU
		{62A5BF44-2AA3-4731-82A7-4136470FEFA9}.Release|Any CPU.ActiveCfg = Release|Any CPU
		{62A5BF44-2AA3-4731-82A7-4136470FEFA9}.Release|Any CPU.Build.0 = Release|Any CPU
		{763FB63B-3BD0-4C29-BE50-E91913AF1E54}.Debug|Any CPU.ActiveCfg = Debug|Any CPU
		{763FB63B-3BD0-4C29-BE50-E91913AF1E54}.Debug|Any CPU.Build.0 = Debug|Any CPU
		{763FB63B-3BD0-4C29-BE50-E91913AF1E54}.Release|Any CPU.ActiveCfg = Release|Any CPU
		{763FB63B-3BD0-4C29-BE50-E91913AF1E54}.Release|Any CPU.Build.0 = Release|Any CPU
		{77E14FE6-3D06-4B65-A1EF-7B12BA39E53C}.Debug|Any CPU.ActiveCfg = Debug|Any CPU
		{77E14FE6-3D06-4B65-A1EF-7B12BA39E53C}.Debug|Any CPU.Build.0 = Debug|Any CPU
		{77E14FE6-3D06-4B65-A1EF-7B12BA39E53C}.Release|Any CPU.ActiveCfg = Release|Any CPU
		{77E14FE6-3D06-4B65-A1EF-7B12BA39E53C}.Release|Any CPU.Build.0 = Release|Any CPU
		{8483AAE7-5E1C-4D74-91F9-B44878F83359}.Debug|Any CPU.ActiveCfg = Debug|Any CPU
		{8483AAE7-5E1C-4D74-91F9-B44878F83359}.Debug|Any CPU.Build.0 = Debug|Any CPU
		{8483AAE7-5E1C-4D74-91F9-B44878F83359}.Release|Any CPU.ActiveCfg = Release|Any CPU
		{8483AAE7-5E1C-4D74-91F9-B44878F83359}.Release|Any CPU.Build.0 = Release|Any CPU
		{A197E930-7FD3-4AE8-94B3-9F8BA135B467}.Debug|Any CPU.ActiveCfg = Debug|Any CPU
		{A197E930-7FD3-4AE8-94B3-9F8BA135B467}.Debug|Any CPU.Build.0 = Debug|Any CPU
		{A197E930-7FD3-4AE8-94B3-9F8BA135B467}.Release|Any CPU.ActiveCfg = Release|Any CPU
		{A197E930-7FD3-4AE8-94B3-9F8BA135B467}.Release|Any CPU.Build.0 = Release|Any CPU
		{071DF80E-72B9-42DC-8F84-C24EAD6AD0B4}.Debug|Any CPU.ActiveCfg = Debug|Any CPU
		{071DF80E-72B9-42DC-8F84-C24EAD6AD0B4}.Debug|Any CPU.Build.0 = Debug|Any CPU
		{071DF80E-72B9-42DC-8F84-C24EAD6AD0B4}.Release|Any CPU.ActiveCfg = Release|Any CPU
		{071DF80E-72B9-42DC-8F84-C24EAD6AD0B4}.Release|Any CPU.Build.0 = Release|Any CPU
		{EB93E46A-EA8C-4C47-A746-DBC19DD6E607}.Debug|Any CPU.ActiveCfg = Debug|Any CPU
		{EB93E46A-EA8C-4C47-A746-DBC19DD6E607}.Debug|Any CPU.Build.0 = Debug|Any CPU
		{EB93E46A-EA8C-4C47-A746-DBC19DD6E607}.Release|Any CPU.ActiveCfg = Release|Any CPU
		{EB93E46A-EA8C-4C47-A746-DBC19DD6E607}.Release|Any CPU.Build.0 = Release|Any CPU
		{50633F36-A59A-41D0-8341-D7979F96A1E2}.Debug|Any CPU.ActiveCfg = Debug|Any CPU
		{50633F36-A59A-41D0-8341-D7979F96A1E2}.Debug|Any CPU.Build.0 = Debug|Any CPU
		{50633F36-A59A-41D0-8341-D7979F96A1E2}.Release|Any CPU.ActiveCfg = Release|Any CPU
		{50633F36-A59A-41D0-8341-D7979F96A1E2}.Release|Any CPU.Build.0 = Release|Any CPU
		{A444BA0D-0EB7-4483-9316-17341236F8CA}.Debug|Any CPU.ActiveCfg = Debug|Any CPU
		{A444BA0D-0EB7-4483-9316-17341236F8CA}.Debug|Any CPU.Build.0 = Debug|Any CPU
		{A444BA0D-0EB7-4483-9316-17341236F8CA}.Release|Any CPU.ActiveCfg = Release|Any CPU
		{A444BA0D-0EB7-4483-9316-17341236F8CA}.Release|Any CPU.Build.0 = Release|Any CPU
		{4124F2F0-D0DF-403F-A2CE-B645C61C5D30}.Debug|Any CPU.ActiveCfg = Debug|Any CPU
		{4124F2F0-D0DF-403F-A2CE-B645C61C5D30}.Debug|Any CPU.Build.0 = Debug|Any CPU
		{4124F2F0-D0DF-403F-A2CE-B645C61C5D30}.Release|Any CPU.ActiveCfg = Release|Any CPU
		{4124F2F0-D0DF-403F-A2CE-B645C61C5D30}.Release|Any CPU.Build.0 = Release|Any CPU
		{73F0F204-7C1D-483D-96A1-5303C5C8A767}.Debug|Any CPU.ActiveCfg = Debug|Any CPU
		{73F0F204-7C1D-483D-96A1-5303C5C8A767}.Debug|Any CPU.Build.0 = Debug|Any CPU
		{73F0F204-7C1D-483D-96A1-5303C5C8A767}.Release|Any CPU.ActiveCfg = Release|Any CPU
		{73F0F204-7C1D-483D-96A1-5303C5C8A767}.Release|Any CPU.Build.0 = Release|Any CPU
		{6B049560-B01B-47C4-AFD1-272F90C7FA34}.Debug|Any CPU.ActiveCfg = Debug|Any CPU
		{6B049560-B01B-47C4-AFD1-272F90C7FA34}.Debug|Any CPU.Build.0 = Debug|Any CPU
		{6B049560-B01B-47C4-AFD1-272F90C7FA34}.Release|Any CPU.ActiveCfg = Release|Any CPU
		{6B049560-B01B-47C4-AFD1-272F90C7FA34}.Release|Any CPU.Build.0 = Release|Any CPU
		{C0279E21-0B66-492A-A498-044194155D12}.Debug|Any CPU.ActiveCfg = Debug|Any CPU
		{C0279E21-0B66-492A-A498-044194155D12}.Debug|Any CPU.Build.0 = Debug|Any CPU
		{C0279E21-0B66-492A-A498-044194155D12}.Release|Any CPU.ActiveCfg = Release|Any CPU
		{C0279E21-0B66-492A-A498-044194155D12}.Release|Any CPU.Build.0 = Release|Any CPU
		{D9719710-959E-4CF5-B749-3EA24AD8CF01}.Debug|Any CPU.ActiveCfg = Debug|Any CPU
		{D9719710-959E-4CF5-B749-3EA24AD8CF01}.Debug|Any CPU.Build.0 = Debug|Any CPU
		{D9719710-959E-4CF5-B749-3EA24AD8CF01}.Release|Any CPU.ActiveCfg = Release|Any CPU
		{D9719710-959E-4CF5-B749-3EA24AD8CF01}.Release|Any CPU.Build.0 = Release|Any CPU
		{A436B070-81EF-4A49-BB71-85AF4503FF8C}.Debug|Any CPU.ActiveCfg = Debug|Any CPU
		{A436B070-81EF-4A49-BB71-85AF4503FF8C}.Debug|Any CPU.Build.0 = Debug|Any CPU
		{A436B070-81EF-4A49-BB71-85AF4503FF8C}.Release|Any CPU.ActiveCfg = Release|Any CPU
		{A436B070-81EF-4A49-BB71-85AF4503FF8C}.Release|Any CPU.Build.0 = Release|Any CPU
		{C59E2682-EDFA-465A-B703-7E618C737BD3}.Debug|Any CPU.ActiveCfg = Debug|Any CPU
		{C59E2682-EDFA-465A-B703-7E618C737BD3}.Debug|Any CPU.Build.0 = Debug|Any CPU
		{C59E2682-EDFA-465A-B703-7E618C737BD3}.Release|Any CPU.ActiveCfg = Release|Any CPU
		{C59E2682-EDFA-465A-B703-7E618C737BD3}.Release|Any CPU.Build.0 = Release|Any CPU
	EndGlobalSection
	GlobalSection(SolutionProperties) = preSolution
		HideSolutionNode = FALSE
	EndGlobalSection
	GlobalSection(NestedProjects) = preSolution
		{62A5BF44-2AA3-4731-82A7-4136470FEFA9} = {CFD58EBA-695D-4874-95E9-693590017084}
		{763FB63B-3BD0-4C29-BE50-E91913AF1E54} = {CFD58EBA-695D-4874-95E9-693590017084}
		{77E14FE6-3D06-4B65-A1EF-7B12BA39E53C} = {F0A457B4-FFAE-40D9-A674-661AEF627C69}
		{8483AAE7-5E1C-4D74-91F9-B44878F83359} = {319700B1-4B14-40D8-AD7B-B007409BFFFA}
		{A197E930-7FD3-4AE8-94B3-9F8BA135B467} = {CFD58EBA-695D-4874-95E9-693590017084}
		{071DF80E-72B9-42DC-8F84-C24EAD6AD0B4} = {F0A457B4-FFAE-40D9-A674-661AEF627C69}
		{EB93E46A-EA8C-4C47-A746-DBC19DD6E607} = {F0A457B4-FFAE-40D9-A674-661AEF627C69}
		{50633F36-A59A-41D0-8341-D7979F96A1E2} = {85B83380-DE3D-4CFF-9958-4D10B2D12C77}
		{A444BA0D-0EB7-4483-9316-17341236F8CA} = {85B83380-DE3D-4CFF-9958-4D10B2D12C77}
		{4124F2F0-D0DF-403F-A2CE-B645C61C5D30} = {319700B1-4B14-40D8-AD7B-B007409BFFFA}
		{73F0F204-7C1D-483D-96A1-5303C5C8A767} = {85B83380-DE3D-4CFF-9958-4D10B2D12C77}
		{6B049560-B01B-47C4-AFD1-272F90C7FA34} = {319700B1-4B14-40D8-AD7B-B007409BFFFA}
		{C0279E21-0B66-492A-A498-044194155D12} = {F0A457B4-FFAE-40D9-A674-661AEF627C69}
		{D9719710-959E-4CF5-B749-3EA24AD8CF01} = {F0A457B4-FFAE-40D9-A674-661AEF627C69}
		{A436B070-81EF-4A49-BB71-85AF4503FF8C} = {85B83380-DE3D-4CFF-9958-4D10B2D12C77}
		{C59E2682-EDFA-465A-B703-7E618C737BD3} = {319700B1-4B14-40D8-AD7B-B007409BFFFA}
	EndGlobalSection
EndGlobal
